{
  "name": "blazordocsexamples",
  "version": "1.0.0",
  "lockfileVersion": 3,
  "requires": true,
  "packages": {
    "": {
      "name": "blazordocsexamples",
      "version": "1.0.0",
      "license": "ISC",
      "devDependencies": {
        "@progress/kendo-theme-bootstrap": "^10.0.0",
        "@progress/kendo-theme-default": "^10.0.0",
        "@progress/kendo-theme-fluent": "^10.0.0",
        "@progress/kendo-theme-material": "^10.0.0"
      }
    },
    "node_modules/@progress/kendo-svg-icons": {
      "version": "4.0.0",
      "resolved": "https://registry.npmjs.org/@progress/kendo-svg-icons/-/kendo-svg-icons-4.0.0.tgz",
      "integrity": "sha512-u3JcSBm+0W4o2TTiLWe372F0we2K5GkXDDTNcqpVayi/0XxKguRuPN7Bnfv/NYPt32JM+pc6EwmWvOnUC0F8MA==",
      "dev": true
    },
    "node_modules/@progress/kendo-theme-bootstrap": {
      "version": "10.1.0",
      "resolved": "https://registry.npmjs.org/@progress/kendo-theme-bootstrap/-/kendo-theme-bootstrap-10.1.0.tgz",
      "integrity": "sha512-pCcqfUA9PVWl4z2mrcv165aqiFLQypQqDtWcqMW2ka9LAqBY0bu/NI2qLBYI/3+E4z3bpG8FiexgzRBiM6ed9A==",
      "dev": true,
      "dependencies": {
        "@progress/kendo-svg-icons": "^4.0.0",
        "@progress/kendo-theme-core": "10.1.0",
        "@progress/kendo-theme-default": "10.1.0",
        "@progress/kendo-theme-utils": "10.1.0"
      }
    },
    "node_modules/@progress/kendo-theme-core": {
      "version": "10.1.0",
      "resolved": "https://registry.npmjs.org/@progress/kendo-theme-core/-/kendo-theme-core-10.1.0.tgz",
      "integrity": "sha512-2K8vxuM0O9UVmvuSIgLvb0MrV4ZHrOKH/ZHb8ePKXV5QnE5rH7PE+8Y8uuh7yQ0+Pmkp33aHLxju3iRa6zD95Q==",
      "dev": true
    },
    "node_modules/@progress/kendo-theme-default": {
      "version": "10.1.0",
      "resolved": "https://registry.npmjs.org/@progress/kendo-theme-default/-/kendo-theme-default-10.1.0.tgz",
      "integrity": "sha512-9FU4NoQyoDg8gnQBCU959LRB4z52u/LcXkDWEj42JMpQDR5OmfTbeoykrJhWaCfEdHwO7Cb3FkuHxPLeMEpQkQ==",
      "dev": true,
      "dependencies": {
        "@progress/kendo-svg-icons": "^4.0.0",
        "@progress/kendo-theme-core": "10.1.0",
        "@progress/kendo-theme-utils": "10.1.0"
      }
    },
    "node_modules/@progress/kendo-theme-fluent": {
      "version": "10.1.0",
      "resolved": "https://registry.npmjs.org/@progress/kendo-theme-fluent/-/kendo-theme-fluent-10.1.0.tgz",
      "integrity": "sha512-RFncplQqLa2pi/LffRYbY+wzxFl4N8uHBzfAdOOyuDTpJAZvD6eaFrmRxR3K4srNfdvt6jrdXIq2mE0feCkiAg==",
      "dev": true,
      "dependencies": {
        "@progress/kendo-svg-icons": "^4.0.0",
        "@progress/kendo-theme-core": "10.1.0",
        "@progress/kendo-theme-utils": "10.1.0"
      }
    },
    "node_modules/@progress/kendo-theme-material": {
      "version": "10.1.0",
      "resolved": "https://registry.npmjs.org/@progress/kendo-theme-material/-/kendo-theme-material-10.1.0.tgz",
      "integrity": "sha512-PVIlL2X5hq6tAfvOKq/K01Rm9FMe4GowD9oN2i+pPMB8wZH64y+cPe0kxNS7ZJAhX4XsXqEmWWAaIKu82ijEaw==",
      "dev": true,
      "dependencies": {
        "@progress/kendo-svg-icons": "^4.0.0",
        "@progress/kendo-theme-core": "10.1.0",
        "@progress/kendo-theme-default": "10.1.0",
        "@progress/kendo-theme-utils": "10.1.0"
      }
    },
    "node_modules/@progress/kendo-theme-utils": {
      "version": "10.1.0",
      "resolved": "https://registry.npmjs.org/@progress/kendo-theme-utils/-/kendo-theme-utils-10.1.0.tgz",
      "integrity": "sha512-gJel4vBrZyZVkNdydwSdE5SJw785kSA+fNMAIcg+HvYEORYdnmH7NaSeI8zjeH1Kts1C85QyBiCIAx1XDGCL/w==",
      "dev": true,
      "dependencies": {
        "@progress/kendo-theme-core": "10.1.0"
      }
    }
  }
}
